# This file was autogenerated by Stack.
# You should not edit this file by hand.
# For more information, please see the documentation at:
#   https://docs.haskellstack.org/en/stable/lock_files

packages:
- completed:
    pantry-tree:
      sha256: 4c700792b51236a70e364ac79c1cd0d197596264c0f57099eb5cea193b663c1b
      size: 408
    hackage: aeson-value-parser-0.19.7@sha256:c114ae7deb86b55154a408896602f9ce61555ac6fd044e8e209c9c544ad2f4db,2054
  original:
    hackage: aeson-value-parser-0.19.7
- completed:
    pantry-tree:
      sha256: 946dbffdad0a92dbdeeaaabb1c7ac2451f3002561407068543fcd860cd860f15
      size: 473
    hackage: punycode-2.0@sha256:dce7f481b5eedc750cf49d21a80b839cb366afd2d29bc506acca5ad9d0c06a8f,1503
  original:
    hackage: punycode-2.0
- completed:
    name: distillery
    pantry-tree:
      sha256: 03d32965a35914b68bdaa149db48ce66e774783360f5b7d8b18db72de61b7baf
      size: 524
    commit: 2c2905f2addb0d1925c43d427fcf65340ee64b2a
    git: https://github.com/nikita-volkov/distillery
    version: '0.1'
  original:
    commit: 2c2905f2addb0d1925c43d427fcf65340ee64b2a
    git: https://github.com/nikita-volkov/distillery
- completed:
    name: isomorphism-class
    pantry-tree:
      sha256: 562f1bc2d85a507c3b18cd5f1691f2b0a398363e243ada5c6160e291a458665f
      size: 692
    commit: 33e2a25e9adeabed528d859c6e4a605062e48437
    git: https://github.com/nikita-volkov/isomorphism-class
    version: '0.1'
  original:
    commit: 33e2a25e9adeabed528d859c6e4a605062e48437
    git: https://github.com/nikita-volkov/isomorphism-class
snapshots:
- completed:
    sha256: 869e23c4f7367895ae63b129255b70bc8b4b965229aa258f6c50141c6b10ae76
    size: 607265
    url: https://raw.githubusercontent.com/commercialhaskell/stackage-snapshots/master/nightly/2022/6/8.yaml
  original: nightly-2022-06-08
