# This file was autogenerated by Stack.
# You should not edit this file by hand.
# For more information, please see the documentation at:
#   https://docs.haskellstack.org/en/stable/lock_files

packages:
- completed:
    pantry-tree:
      sha256: 4c700792b51236a70e364ac79c1cd0d197596264c0f57099eb5cea193b663c1b
      size: 408
    hackage: aeson-value-parser-0.19.7@sha256:c114ae7deb86b55154a408896602f9ce61555ac6fd044e8e209c9c544ad2f4db,2054
  original:
    hackage: aeson-value-parser-0.19.7
- completed:
    pantry-tree:
      sha256: 4eda0ef67a4f4475f8ab1dc38aca2a86ff5a522eab57e7c63ddc66b4da9bd874
      size: 574
    hackage: mason-0.2.5@sha256:44ead52c404f49006e4759d746b9008f8a6b2c642cbb27d26e7e25e7ba9a6f71,1221
  original:
    hackage: mason-0.2.5
- completed:
    pantry-tree:
      sha256: 946dbffdad0a92dbdeeaaabb1c7ac2451f3002561407068543fcd860cd860f15
      size: 473
    hackage: punycode-2.0@sha256:dce7f481b5eedc750cf49d21a80b839cb366afd2d29bc506acca5ad9d0c06a8f,1503
  original:
    hackage: punycode-2.0
- completed:
    name: distillery
    pantry-tree:
      sha256: 03d32965a35914b68bdaa149db48ce66e774783360f5b7d8b18db72de61b7baf
      size: 524
    commit: 2c2905f2addb0d1925c43d427fcf65340ee64b2a
    git: https://github.com/nikita-volkov/distillery
    version: '0.1'
  original:
    commit: 2c2905f2addb0d1925c43d427fcf65340ee64b2a
    git: https://github.com/nikita-volkov/distillery
snapshots:
- completed:
    sha256: 869e23c4f7367895ae63b129255b70bc8b4b965229aa258f6c50141c6b10ae76
    size: 607265
    url: https://raw.githubusercontent.com/commercialhaskell/stackage-snapshots/master/nightly/2022/6/8.yaml
  original: nightly-2022-06-08
